
Microsoft Visual Studio Solution File, Format Version 12.00
# Visual Studio Version 16
VisualStudioVersion = 16.0.30114.105
MinimumVisualStudioVersion = 10.0.40219.1
Project("{FAE04EC0-301F-11D3-BF4B-00C04F79EFBC}") = "AppEventos.Application", "AppEventos.Application\AppEventos.Application.csproj", "{B07579DD-4C55-444A-B17C-63BD7F285D42}"
EndProject
Project("{FAE04EC0-301F-11D3-BF4B-00C04F79EFBC}") = "AppEventos.Persistence", "AppEventos.Persistence\AppEventos.Persistence.csproj", "{2F41624E-1BA7-40EF-9271-86A936ABA971}"
EndProject
Project("{FAE04EC0-301F-11D3-BF4B-00C04F79EFBC}") = "AppEventos.API", "AppEventos.Api\AppEventos.API.csproj", "{43966461-9818-4EFF-B228-DE3F1F049F93}"
EndProject
Project("{FAE04EC0-301F-11D3-BF4B-00C04F79EFBC}") = "AppEventos.Domain", "AppEventos.Domain\AppEventos.Domain.csproj", "{0E45DEE9-A12D-414C-BD0B-23CB042BD8A2}"
EndProject
Global
	GlobalSection(SolutionConfigurationPlatforms) = preSolution
		Debug|Any CPU = Debug|Any CPU
		Debug|x64 = Debug|x64
		Debug|x86 = Debug|x86
		Release|Any CPU = Release|Any CPU
		Release|x64 = Release|x64
		Release|x86 = Release|x86
	EndGlobalSection
	GlobalSection(SolutionProperties) = preSolution
		HideSolutionNode = FALSE
	EndGlobalSection
	GlobalSection(ProjectConfigurationPlatforms) = postSolution
		{B07579DD-4C55-444A-B17C-63BD7F285D42}.Debug|Any CPU.ActiveCfg = Debug|Any CPU
		{B07579DD-4C55-444A-B17C-63BD7F285D42}.Debug|Any CPU.Build.0 = Debug|Any CPU
		{B07579DD-4C55-444A-B17C-63BD7F285D42}.Debug|x64.ActiveCfg = Debug|Any CPU
		{B07579DD-4C55-444A-B17C-63BD7F285D42}.Debug|x64.Build.0 = Debug|Any CPU
		{B07579DD-4C55-444A-B17C-63BD7F285D42}.Debug|x86.ActiveCfg = Debug|Any CPU
		{B07579DD-4C55-444A-B17C-63BD7F285D42}.Debug|x86.Build.0 = Debug|Any CPU
		{B07579DD-4C55-444A-B17C-63BD7F285D42}.Release|Any CPU.ActiveCfg = Release|Any CPU
		{B07579DD-4C55-444A-B17C-63BD7F285D42}.Release|Any CPU.Build.0 = Release|Any CPU
		{B07579DD-4C55-444A-B17C-63BD7F285D42}.Release|x64.ActiveCfg = Release|Any CPU
		{B07579DD-4C55-444A-B17C-63BD7F285D42}.Release|x64.Build.0 = Release|Any CPU
		{B07579DD-4C55-444A-B17C-63BD7F285D42}.Release|x86.ActiveCfg = Release|Any CPU
		{B07579DD-4C55-444A-B17C-63BD7F285D42}.Release|x86.Build.0 = Release|Any CPU
		{2F41624E-1BA7-40EF-9271-86A936ABA971}.Debug|Any CPU.ActiveCfg = Debug|Any CPU
		{2F41624E-1BA7-40EF-9271-86A936ABA971}.Debug|Any CPU.Build.0 = Debug|Any CPU
		{2F41624E-1BA7-40EF-9271-86A936ABA971}.Debug|x64.ActiveCfg = Debug|Any CPU
		{2F41624E-1BA7-40EF-9271-86A936ABA971}.Debug|x64.Build.0 = Debug|Any CPU
		{2F41624E-1BA7-40EF-9271-86A936ABA971}.Debug|x86.ActiveCfg = Debug|Any CPU
		{2F41624E-1BA7-40EF-9271-86A936ABA971}.Debug|x86.Build.0 = Debug|Any CPU
		{2F41624E-1BA7-40EF-9271-86A936ABA971}.Release|Any CPU.ActiveCfg = Release|Any CPU
		{2F41624E-1BA7-40EF-9271-86A936ABA971}.Release|Any CPU.Build.0 = Release|Any CPU
		{2F41624E-1BA7-40EF-9271-86A936ABA971}.Release|x64.ActiveCfg = Release|Any CPU
		{2F41624E-1BA7-40EF-9271-86A936ABA971}.Release|x64.Build.0 = Release|Any CPU
		{2F41624E-1BA7-40EF-9271-86A936ABA971}.Release|x86.ActiveCfg = Release|Any CPU
		{2F41624E-1BA7-40EF-9271-86A936ABA971}.Release|x86.Build.0 = Release|Any CPU
		{43966461-9818-4EFF-B228-DE3F1F049F93}.Debug|Any CPU.ActiveCfg = Debug|Any CPU
		{43966461-9818-4EFF-B228-DE3F1F049F93}.Debug|Any CPU.Build.0 = Debug|Any CPU
		{43966461-9818-4EFF-B228-DE3F1F049F93}.Debug|x64.ActiveCfg = Debug|Any CPU
		{43966461-9818-4EFF-B228-DE3F1F049F93}.Debug|x64.Build.0 = Debug|Any CPU
		{43966461-9818-4EFF-B228-DE3F1F049F93}.Debug|x86.ActiveCfg = Debug|Any CPU
		{43966461-9818-4EFF-B228-DE3F1F049F93}.Debug|x86.Build.0 = Debug|Any CPU
		{43966461-9818-4EFF-B228-DE3F1F049F93}.Release|Any CPU.ActiveCfg = Release|Any CPU
		{43966461-9818-4EFF-B228-DE3F1F049F93}.Release|Any CPU.Build.0 = Release|Any CPU
		{43966461-9818-4EFF-B228-DE3F1F049F93}.Release|x64.ActiveCfg = Release|Any CPU
		{43966461-9818-4EFF-B228-DE3F1F049F93}.Release|x64.Build.0 = Release|Any CPU
		{43966461-9818-4EFF-B228-DE3F1F049F93}.Release|x86.ActiveCfg = Release|Any CPU
		{43966461-9818-4EFF-B228-DE3F1F049F93}.Release|x86.Build.0 = Release|Any CPU
		{0E45DEE9-A12D-414C-BD0B-23CB042BD8A2}.Debug|Any CPU.ActiveCfg = Debug|Any CPU
		{0E45DEE9-A12D-414C-BD0B-23CB042BD8A2}.Debug|Any CPU.Build.0 = Debug|Any CPU
		{0E45DEE9-A12D-414C-BD0B-23CB042BD8A2}.Debug|x64.ActiveCfg = Debug|Any CPU
		{0E45DEE9-A12D-414C-BD0B-23CB042BD8A2}.Debug|x64.Build.0 = Debug|Any CPU
		{0E45DEE9-A12D-414C-BD0B-23CB042BD8A2}.Debug|x86.ActiveCfg = Debug|Any CPU
		{0E45DEE9-A12D-414C-BD0B-23CB042BD8A2}.Debug|x86.Build.0 = Debug|Any CPU
		{0E45DEE9-A12D-414C-BD0B-23CB042BD8A2}.Release|Any CPU.ActiveCfg = Release|Any CPU
		{0E45DEE9-A12D-414C-BD0B-23CB042BD8A2}.Release|Any CPU.Build.0 = Release|Any CPU
		{0E45DEE9-A12D-414C-BD0B-23CB042BD8A2}.Release|x64.ActiveCfg = Release|Any CPU
		{0E45DEE9-A12D-414C-BD0B-23CB042BD8A2}.Release|x64.Build.0 = Release|Any CPU
		{0E45DEE9-A12D-414C-BD0B-23CB042BD8A2}.Release|x86.ActiveCfg = Release|Any CPU
		{0E45DEE9-A12D-414C-BD0B-23CB042BD8A2}.Release|x86.Build.0 = Release|Any CPU
	EndGlobalSection
EndGlobal
